
Microsoft Visual Studio Solution File, Format Version 12.00
# Visual Studio 15
VisualStudioVersion = 15.0.27428.2005
MinimumVisualStudioVersion = 10.0.40219.1
Project("{FAE04EC0-301F-11D3-BF4B-00C04F79EFBC}") = "ThisDayInHistory", "ThisDayInHistory\ThisDayInHistory.csproj", "{6F9E4473-0842-42E5-AF34-54D7A3EE4037}"
EndProject
Global
	GlobalSection(SolutionConfigurationPlatforms) = preSolution
		Debug|Any CPU = Debug|Any CPU
		Release|Any CPU = Release|Any CPU
	EndGlobalSection
	GlobalSection(ProjectConfigurationPlatforms) = postSolution
		{6F9E4473-0842-42E5-AF34-54D7A3EE4037}.Debug|Any CPU.ActiveCfg = Debug|Any CPU
		{6F9E4473-0842-42E5-AF34-54D7A3EE4037}.Debug|Any CPU.Build.0 = Debug|Any CPU
		{6F9E4473-0842-42E5-AF34-54D7A3EE4037}.Release|Any CPU.ActiveCfg = Release|Any CPU
		{6F9E4473-0842-42E5-AF34-54D7A3EE4037}.Release|Any CPU.Build.0 = Release|Any CPU
	EndGlobalSection
	GlobalSection(SolutionProperties) = preSolution
		HideSolutionNode = FALSE
	EndGlobalSection
	GlobalSection(ExtensibilityGlobals) = postSolution
		SolutionGuid = {470C0540-A2A0-42F1-A352-3775569E66BC}
	EndGlobalSection
EndGlobal
